
Microsoft Visual Studio Solution File, Format Version 12.00
# Visual Studio Version 17
VisualStudioVersion = 17.7.34221.43
MinimumVisualStudioVersion = 10.0.40219.1
Project("{8BC9CEB8-8B4A-11D0-8D11-00A0C91BC942}") = "Curso de C++ #11 - Operadores AND, OR, NOT (1)", "Curso de C++ #11 - Operadores AND, OR, NOT (1).vcxproj", "{60FACD7B-2532-4097-BE9A-3C5C374830DA}"
EndProject
Global
	GlobalSection(SolutionConfigurationPlatforms) = preSolution
		Debug|x64 = Debug|x64
		Debug|x86 = Debug|x86
		Release|x64 = Release|x64
		Release|x86 = Release|x86
	EndGlobalSection
	GlobalSection(ProjectConfigurationPlatforms) = postSolution
		{60FACD7B-2532-4097-BE9A-3C5C374830DA}.Debug|x64.ActiveCfg = Debug|x64
		{60FACD7B-2532-4097-BE9A-3C5C374830DA}.Debug|x64.Build.0 = Debug|x64
		{60FACD7B-2532-4097-BE9A-3C5C374830DA}.Debug|x86.ActiveCfg = Debug|Win32
		{60FACD7B-2532-4097-BE9A-3C5C374830DA}.Debug|x86.Build.0 = Debug|Win32
		{60FACD7B-2532-4097-BE9A-3C5C374830DA}.Release|x64.ActiveCfg = Release|x64
		{60FACD7B-2532-4097-BE9A-3C5C374830DA}.Release|x64.Build.0 = Release|x64
		{60FACD7B-2532-4097-BE9A-3C5C374830DA}.Release|x86.ActiveCfg = Release|Win32
		{60FACD7B-2532-4097-BE9A-3C5C374830DA}.Release|x86.Build.0 = Release|Win32
	EndGlobalSection
	GlobalSection(SolutionProperties) = preSolution
		HideSolutionNode = FALSE
	EndGlobalSection
	GlobalSection(ExtensibilityGlobals) = postSolution
		SolutionGuid = {5C4C0FDC-6AA4-467C-A361-4F511FD9A7D6}
	EndGlobalSection
EndGlobal
